
Microsoft Visual Studio Solution File, Format Version 12.00
# Visual Studio Version 16
VisualStudioVersion = 16.0.29613.14
MinimumVisualStudioVersion = 10.0.40219.1
Project("{FAE04EC0-301F-11D3-BF4B-00C04F79EFBC}") = "CMP1903ML09a", "CMP1903ML09a.csproj", "{9A9EAC37-21EC-4698-BAA6-5F4F7A0BBF11}"
EndProject
Global
	GlobalSection(SolutionConfigurationPlatforms) = preSolution
		Debug|Any CPU = Debug|Any CPU
		Release|Any CPU = Release|Any CPU
	EndGlobalSection
	GlobalSection(ProjectConfigurationPlatforms) = postSolution
		{9A9EAC37-21EC-4698-BAA6-5F4F7A0BBF11}.Debug|Any CPU.ActiveCfg = Debug|Any CPU
		{9A9EAC37-21EC-4698-BAA6-5F4F7A0BBF11}.Debug|Any CPU.Build.0 = Debug|Any CPU
		{9A9EAC37-21EC-4698-BAA6-5F4F7A0BBF11}.Release|Any CPU.ActiveCfg = Release|Any CPU
		{9A9EAC37-21EC-4698-BAA6-5F4F7A0BBF11}.Release|Any CPU.Build.0 = Release|Any CPU
	EndGlobalSection
	GlobalSection(SolutionProperties) = preSolution
		HideSolutionNode = FALSE
	EndGlobalSection
	GlobalSection(ExtensibilityGlobals) = postSolution
		SolutionGuid = {1CF1D335-BF7D-4D93-9CE5-3FE4AFA0225E}
	EndGlobalSection
EndGlobal
